
Microsoft Visual Studio Solution File, Format Version 12.00
# Visual Studio Version 17
VisualStudioVersion = 17.0.31903.59
MinimumVisualStudioVersion = 10.0.40219.1
Project("{2150E333-8FDC-42A3-9474-1A3956D46DE8}") = "Tests", "Tests", "{AA556909-98AF-4B5E-9609-AC6C9ED30725}"
EndProject
Project("{FAE04EC0-301F-11D3-BF4B-00C04F79EFBC}") = "Console", "Console\Console.csproj", "{1ADD0BFA-1E07-406F-BC94-A69D8E1C708B}"
EndProject
Project("{2150E333-8FDC-42A3-9474-1A3956D46DE8}") = "Solution Items", "Solution Items", "{4D5A8807-092F-40EB-A759-8B3E95577368}"
	ProjectSection(SolutionItems) = preProject
		.gitignore = .gitignore
	EndProjectSection
EndProject
Project("{FAE04EC0-301F-11D3-BF4B-00C04F79EFBC}") = "Music.Api", "Music.Api\Music.Api.csproj", "{F74D5C4F-CBED-4EBD-8405-2F4726F26EB3}"
EndProject
Project("{FAE04EC0-301F-11D3-BF4B-00C04F79EFBC}") = "Music.Application", "Music.Application\Music.Application.csproj", "{211B5B51-01EC-49AB-B555-3BDE25E4D1C9}"
EndProject
Project("{FAE04EC0-301F-11D3-BF4B-00C04F79EFBC}") = "Music.Contracts", "Music.Contracts\Music.Contracts.csproj", "{809E3EB4-49C6-4924-BF41-AA34A5D76C8C}"
EndProject
Project("{FAE04EC0-301F-11D3-BF4B-00C04F79EFBC}") = "Music.Domain", "Music.Domain\Music.Domain.csproj", "{E1E21D3D-BC41-4382-9F79-BBF54F99AFAC}"
EndProject
Project("{FAE04EC0-301F-11D3-BF4B-00C04F79EFBC}") = "Music.Infrastructure", "Music.Infrastructure\Music.Infrastructure.csproj", "{7FBA27F6-EA6E-404E-BE9F-23E6F2FCC2F9}"
EndProject
Project("{2150E333-8FDC-42A3-9474-1A3956D46DE8}") = "Source", "Source", "{7D6B7DFC-C886-49C3-AD68-55184EDD6B15}"
EndProject
Global
	GlobalSection(SolutionConfigurationPlatforms) = preSolution
		Debug|Any CPU = Debug|Any CPU
		Release|Any CPU = Release|Any CPU
	EndGlobalSection
	GlobalSection(SolutionProperties) = preSolution
		HideSolutionNode = FALSE
	EndGlobalSection
	GlobalSection(NestedProjects) = preSolution
		{1ADD0BFA-1E07-406F-BC94-A69D8E1C708B} = {AA556909-98AF-4B5E-9609-AC6C9ED30725}
		{F74D5C4F-CBED-4EBD-8405-2F4726F26EB3} = {7D6B7DFC-C886-49C3-AD68-55184EDD6B15}
		{211B5B51-01EC-49AB-B555-3BDE25E4D1C9} = {7D6B7DFC-C886-49C3-AD68-55184EDD6B15}
		{809E3EB4-49C6-4924-BF41-AA34A5D76C8C} = {7D6B7DFC-C886-49C3-AD68-55184EDD6B15}
		{E1E21D3D-BC41-4382-9F79-BBF54F99AFAC} = {7D6B7DFC-C886-49C3-AD68-55184EDD6B15}
		{7FBA27F6-EA6E-404E-BE9F-23E6F2FCC2F9} = {7D6B7DFC-C886-49C3-AD68-55184EDD6B15}
	EndGlobalSection
	GlobalSection(ProjectConfigurationPlatforms) = postSolution
		{1ADD0BFA-1E07-406F-BC94-A69D8E1C708B}.Debug|Any CPU.ActiveCfg = Debug|Any CPU
		{1ADD0BFA-1E07-406F-BC94-A69D8E1C708B}.Debug|Any CPU.Build.0 = Debug|Any CPU
		{1ADD0BFA-1E07-406F-BC94-A69D8E1C708B}.Release|Any CPU.ActiveCfg = Release|Any CPU
		{1ADD0BFA-1E07-406F-BC94-A69D8E1C708B}.Release|Any CPU.Build.0 = Release|Any CPU
		{F74D5C4F-CBED-4EBD-8405-2F4726F26EB3}.Debug|Any CPU.ActiveCfg = Debug|Any CPU
		{F74D5C4F-CBED-4EBD-8405-2F4726F26EB3}.Debug|Any CPU.Build.0 = Debug|Any CPU
		{F74D5C4F-CBED-4EBD-8405-2F4726F26EB3}.Release|Any CPU.ActiveCfg = Release|Any CPU
		{F74D5C4F-CBED-4EBD-8405-2F4726F26EB3}.Release|Any CPU.Build.0 = Release|Any CPU
		{211B5B51-01EC-49AB-B555-3BDE25E4D1C9}.Debug|Any CPU.ActiveCfg = Debug|Any CPU
		{211B5B51-01EC-49AB-B555-3BDE25E4D1C9}.Debug|Any CPU.Build.0 = Debug|Any CPU
		{211B5B51-01EC-49AB-B555-3BDE25E4D1C9}.Release|Any CPU.ActiveCfg = Release|Any CPU
		{211B5B51-01EC-49AB-B555-3BDE25E4D1C9}.Release|Any CPU.Build.0 = Release|Any CPU
		{809E3EB4-49C6-4924-BF41-AA34A5D76C8C}.Debug|Any CPU.ActiveCfg = Debug|Any CPU
		{809E3EB4-49C6-4924-BF41-AA34A5D76C8C}.Debug|Any CPU.Build.0 = Debug|Any CPU
		{809E3EB4-49C6-4924-BF41-AA34A5D76C8C}.Release|Any CPU.ActiveCfg = Release|Any CPU
		{809E3EB4-49C6-4924-BF41-AA34A5D76C8C}.Release|Any CPU.Build.0 = Release|Any CPU
		{E1E21D3D-BC41-4382-9F79-BBF54F99AFAC}.Debug|Any CPU.ActiveCfg = Debug|Any CPU
		{E1E21D3D-BC41-4382-9F79-BBF54F99AFAC}.Debug|Any CPU.Build.0 = Debug|Any CPU
		{E1E21D3D-BC41-4382-9F79-BBF54F99AFAC}.Release|Any CPU.ActiveCfg = Release|Any CPU
		{E1E21D3D-BC41-4382-9F79-BBF54F99AFAC}.Release|Any CPU.Build.0 = Release|Any CPU
		{7FBA27F6-EA6E-404E-BE9F-23E6F2FCC2F9}.Debug|Any CPU.ActiveCfg = Debug|Any CPU
		{7FBA27F6-EA6E-404E-BE9F-23E6F2FCC2F9}.Debug|Any CPU.Build.0 = Debug|Any CPU
		{7FBA27F6-EA6E-404E-BE9F-23E6F2FCC2F9}.Release|Any CPU.ActiveCfg = Release|Any CPU
		{7FBA27F6-EA6E-404E-BE9F-23E6F2FCC2F9}.Release|Any CPU.Build.0 = Release|Any CPU
	EndGlobalSection
EndGlobal
